
Microsoft Visual Studio Solution File, Format Version 12.00
# Visual Studio Version 17
VisualStudioVersion = 17.1.32210.238
MinimumVisualStudioVersion = 10.0.40219.1
Project("{9A19103F-16F7-4668-BE54-9A1E7A4F7556}") = "ToDoListSANA", "ToDoListSANA\ToDoListSANA.csproj", "{B3032E6C-D3EB-4AD6-ABE8-E2BF45EAF947}"
EndProject
Project("{00D1A9C2-B5F0-4AF3-8072-F6C62B433612}") = "ToDoListDB", "ToDoListDB\ToDoListDB.sqlproj", "{07AB05B1-4DDF-4E6A-8D1D-1877F7E917F9}"
EndProject
Project("{9A19103F-16F7-4668-BE54-9A1E7A4F7556}") = "SqlDataAccess", "DataAccess\SqlDataAccess.csproj", "{F573A7EC-683B-47A0-8760-46ED1755C863}"
EndProject
Project("{FAE04EC0-301F-11D3-BF4B-00C04F79EFBC}") = "XmlDataAccess", "XmlDataAccess\XmlDataAccess.csproj", "{83661C30-287D-4EC2-B070-E1938671D5D9}"
EndProject
Global
	GlobalSection(SolutionConfigurationPlatforms) = preSolution
		Debug|Any CPU = Debug|Any CPU
		Release|Any CPU = Release|Any CPU
	EndGlobalSection
	GlobalSection(ProjectConfigurationPlatforms) = postSolution
		{B3032E6C-D3EB-4AD6-ABE8-E2BF45EAF947}.Debug|Any CPU.ActiveCfg = Debug|Any CPU
		{B3032E6C-D3EB-4AD6-ABE8-E2BF45EAF947}.Debug|Any CPU.Build.0 = Debug|Any CPU
		{B3032E6C-D3EB-4AD6-ABE8-E2BF45EAF947}.Release|Any CPU.ActiveCfg = Release|Any CPU
		{B3032E6C-D3EB-4AD6-ABE8-E2BF45EAF947}.Release|Any CPU.Build.0 = Release|Any CPU
		{07AB05B1-4DDF-4E6A-8D1D-1877F7E917F9}.Debug|Any CPU.ActiveCfg = Debug|Any CPU
		{07AB05B1-4DDF-4E6A-8D1D-1877F7E917F9}.Debug|Any CPU.Build.0 = Debug|Any CPU
		{07AB05B1-4DDF-4E6A-8D1D-1877F7E917F9}.Debug|Any CPU.Deploy.0 = Debug|Any CPU
		{07AB05B1-4DDF-4E6A-8D1D-1877F7E917F9}.Release|Any CPU.ActiveCfg = Release|Any CPU
		{07AB05B1-4DDF-4E6A-8D1D-1877F7E917F9}.Release|Any CPU.Build.0 = Release|Any CPU
		{07AB05B1-4DDF-4E6A-8D1D-1877F7E917F9}.Release|Any CPU.Deploy.0 = Release|Any CPU
		{F573A7EC-683B-47A0-8760-46ED1755C863}.Debug|Any CPU.ActiveCfg = Debug|Any CPU
		{F573A7EC-683B-47A0-8760-46ED1755C863}.Debug|Any CPU.Build.0 = Debug|Any CPU
		{F573A7EC-683B-47A0-8760-46ED1755C863}.Release|Any CPU.ActiveCfg = Release|Any CPU
		{F573A7EC-683B-47A0-8760-46ED1755C863}.Release|Any CPU.Build.0 = Release|Any CPU
		{83661C30-287D-4EC2-B070-E1938671D5D9}.Debug|Any CPU.ActiveCfg = Debug|Any CPU
		{83661C30-287D-4EC2-B070-E1938671D5D9}.Debug|Any CPU.Build.0 = Debug|Any CPU
		{83661C30-287D-4EC2-B070-E1938671D5D9}.Release|Any CPU.ActiveCfg = Release|Any CPU
		{83661C30-287D-4EC2-B070-E1938671D5D9}.Release|Any CPU.Build.0 = Release|Any CPU
	EndGlobalSection
	GlobalSection(SolutionProperties) = preSolution
		HideSolutionNode = FALSE
	EndGlobalSection
	GlobalSection(ExtensibilityGlobals) = postSolution
		SolutionGuid = {947399E4-BA4B-4431-B268-2CE7F2189B0A}
	EndGlobalSection
EndGlobal
